Microsoft Visual Studio Solution File, Format Version 11.00
# Visual Studio 2008

Project("{2D34ECA9-76BD-2449-24FF-C87645B47912}") = "CultTycoon2016", "Assembly-CSharp-firstpass.csproj", "{265F80E7-71D3-EF3E-513A-63C1782F3CA8}"
EndProject
Project("{2D34ECA9-76BD-2449-24FF-C87645B47912}") = "CultTycoon2016", "Assembly-CSharp-Editor.csproj", "{ACE221C7-A010-83C2-CF08-A0B1900C1E69}"
EndProject
Global
	GlobalSection(SolutionConfigurationPlatforms) = preSolution
		Debug|Any CPU = Debug|Any CPU
		Release|Any CPU = Release|Any CPU
	EndGlobalSection
	GlobalSection(ProjectConfigurationPlatforms) = postSolution
		{265F80E7-71D3-EF3E-513A-63C1782F3CA8}.Debug|Any CPU.ActiveCfg = Debug|Any CPU
		{265F80E7-71D3-EF3E-513A-63C1782F3CA8}.Debug|Any CPU.Build.0 = Debug|Any CPU
		{265F80E7-71D3-EF3E-513A-63C1782F3CA8}.Release|Any CPU.ActiveCfg = Release|Any CPU
		{265F80E7-71D3-EF3E-513A-63C1782F3CA8}.Release|Any CPU.Build.0 = Release|Any CPU
		{ACE221C7-A010-83C2-CF08-A0B1900C1E69}.Debug|Any CPU.ActiveCfg = Debug|Any CPU
		{ACE221C7-A010-83C2-CF08-A0B1900C1E69}.Debug|Any CPU.Build.0 = Debug|Any CPU
		{ACE221C7-A010-83C2-CF08-A0B1900C1E69}.Release|Any CPU.ActiveCfg = Release|Any CPU
		{ACE221C7-A010-83C2-CF08-A0B1900C1E69}.Release|Any CPU.Build.0 = Release|Any CPU
	EndGlobalSection
	GlobalSection(SolutionProperties) = preSolution
		HideSolutionNode = FALSE
	EndGlobalSection
	GlobalSection(MonoDevelopProperties) = preSolution
		StartupItem = Assembly-CSharp.csproj
	EndGlobalSection
EndGlobal
